
Microsoft Visual Studio Solution File, Format Version 12.00
# Visual Studio Version 16
VisualStudioVersion = 16.0.28803.916
MinimumVisualStudioVersion = 10.0.40219.1
Project("{FAE04EC0-301F-11D3-BF4B-00C04F79EFBC}") = "t5haisjokenpo", "t5haisjokenpo\t5haisjokenpo.csproj", "{1F2ADDDC-1E36-48A4-AC4D-E818E7B7E40A}"
EndProject
Global
	GlobalSection(SolutionConfigurationPlatforms) = preSolution
		Debug|Any CPU = Debug|Any CPU
		Release|Any CPU = Release|Any CPU
	EndGlobalSection
	GlobalSection(ProjectConfigurationPlatforms) = postSolution
		{1F2ADDDC-1E36-48A4-AC4D-E818E7B7E40A}.Debug|Any CPU.ActiveCfg = Debug|Any CPU
		{1F2ADDDC-1E36-48A4-AC4D-E818E7B7E40A}.Debug|Any CPU.Build.0 = Debug|Any CPU
		{1F2ADDDC-1E36-48A4-AC4D-E818E7B7E40A}.Release|Any CPU.ActiveCfg = Release|Any CPU
		{1F2ADDDC-1E36-48A4-AC4D-E818E7B7E40A}.Release|Any CPU.Build.0 = Release|Any CPU
	EndGlobalSection
	GlobalSection(SolutionProperties) = preSolution
		HideSolutionNode = FALSE
	EndGlobalSection
	GlobalSection(ExtensibilityGlobals) = postSolution
		SolutionGuid = {B7BED2DD-9F2A-4C5E-B334-529F4B9F01EE}
	EndGlobalSection
EndGlobal
